
Microsoft Visual Studio Solution File, Format Version 12.00
# Visual Studio Version 17
VisualStudioVersion = 17.13.35931.197
MinimumVisualStudioVersion = 10.0.40219.1
Project("{FAE04EC0-301F-11D3-BF4B-00C04F79EFBC}") = "TrelloClone", "TrelloClone\TrelloClone.csproj", "{190F76A4-9B28-48BE-96B3-EB2D9C140E46}"
EndProject
Global
	GlobalSection(SolutionConfigurationPlatforms) = preSolution
		Debug|Any CPU = Debug|Any CPU
		Release|Any CPU = Release|Any CPU
	EndGlobalSection
	GlobalSection(ProjectConfigurationPlatforms) = postSolution
		{190F76A4-9B28-48BE-96B3-EB2D9C140E46}.Debug|Any CPU.ActiveCfg = Debug|Any CPU
		{190F76A4-9B28-48BE-96B3-EB2D9C140E46}.Debug|Any CPU.Build.0 = Debug|Any CPU
		{190F76A4-9B28-48BE-96B3-EB2D9C140E46}.Release|Any CPU.ActiveCfg = Release|Any CPU
		{190F76A4-9B28-48BE-96B3-EB2D9C140E46}.Release|Any CPU.Build.0 = Release|Any CPU
	EndGlobalSection
	GlobalSection(SolutionProperties) = preSolution
		HideSolutionNode = FALSE
	EndGlobalSection
	GlobalSection(ExtensibilityGlobals) = postSolution
		SolutionGuid = {986E51F1-6DED-4D59-A732-1970BE20C584}
	EndGlobalSection
EndGlobal
